
Microsoft Visual Studio Solution File, Format Version 12.00
# Visual Studio Version 17
VisualStudioVersion = 17.11.35327.3
MinimumVisualStudioVersion = 10.0.40219.1
Project("{FAE04EC0-301F-11D3-BF4B-00C04F79EFBC}") = "MyForm1", "MyForm1.csproj", "{AC26B0AA-A3CD-49BF-963E-278C2A366C40}"
EndProject
Global
	GlobalSection(SolutionConfigurationPlatforms) = preSolution
		Debug|Any CPU = Debug|Any CPU
		Release|Any CPU = Release|Any CPU
	EndGlobalSection
	GlobalSection(ProjectConfigurationPlatforms) = postSolution
		{AC26B0AA-A3CD-49BF-963E-278C2A366C40}.Debug|Any CPU.ActiveCfg = Debug|Any CPU
		{AC26B0AA-A3CD-49BF-963E-278C2A366C40}.Debug|Any CPU.Build.0 = Debug|Any CPU
		{AC26B0AA-A3CD-49BF-963E-278C2A366C40}.Release|Any CPU.ActiveCfg = Release|Any CPU
		{AC26B0AA-A3CD-49BF-963E-278C2A366C40}.Release|Any CPU.Build.0 = Release|Any CPU
	EndGlobalSection
	GlobalSection(SolutionProperties) = preSolution
		HideSolutionNode = FALSE
	EndGlobalSection
	GlobalSection(ExtensibilityGlobals) = postSolution
		SolutionGuid = {086F5E66-9420-4D0E-BC98-422B646DEF70}
	EndGlobalSection
EndGlobal
